
Microsoft Visual Studio Solution File, Format Version 12.00
# Visual Studio Version 16
VisualStudioVersion = 16.0.32228.343
MinimumVisualStudioVersion = 10.0.40219.1
Project("{FAE04EC0-301F-11D3-BF4B-00C04F79EFBC}") = "ClassLibrary2", "ClassLibrary2.csproj", "{FCACE1B2-34C5-4381-8B66-F9802005C357}"
EndProject
Global
	GlobalSection(SolutionConfigurationPlatforms) = preSolution
		Debug|Any CPU = Debug|Any CPU
		Release|Any CPU = Release|Any CPU
	EndGlobalSection
	GlobalSection(ProjectConfigurationPlatforms) = postSolution
		{FCACE1B2-34C5-4381-8B66-F9802005C357}.Debug|Any CPU.ActiveCfg = Debug|Any CPU
		{FCACE1B2-34C5-4381-8B66-F9802005C357}.Debug|Any CPU.Build.0 = Debug|Any CPU
		{FCACE1B2-34C5-4381-8B66-F9802005C357}.Release|Any CPU.ActiveCfg = Release|Any CPU
		{FCACE1B2-34C5-4381-8B66-F9802005C357}.Release|Any CPU.Build.0 = Release|Any CPU
	EndGlobalSection
	GlobalSection(SolutionProperties) = preSolution
		HideSolutionNode = FALSE
	EndGlobalSection
	GlobalSection(ExtensibilityGlobals) = postSolution
		SolutionGuid = {030190F9-AB91-438C-B7C7-60EBE1F361E5}
	EndGlobalSection
EndGlobal
